{
  "name": "chinesevocab",
  "version": "1.0.0",
  "lockfileVersion": 3,
  "requires": true,
  "packages": {
    "": {
      "name": "chinesevocab",
      "version": "1.0.0",
      "license": "ISC",
      "dependencies": {
        "pdf-to-text": "^0.0.7"
      }
    },
    "node_modules/pdf-to-text": {
      "version": "0.0.7",
      "resolved": "https://registry.npmjs.org/pdf-to-text/-/pdf-to-text-0.0.7.tgz",
      "integrity": "sha512-NHWB7u/9q+SZ28UtEgJYljamp61j06oldHdvGik1729pzRFLCO4igbZwm0MOUWoIQUz4nla3n+cf3Jh7uiOZwQ=="
    }
  }
}
